
Microsoft Visual Studio Solution File, Format Version 12.00
# Visual Studio Version 16
VisualStudioVersion = 16.0.30804.86
MinimumVisualStudioVersion = 10.0.40219.1
Project("{FAE04EC0-301F-11D3-BF4B-00C04F79EFBC}") = "Console", "Fyre\Console.csproj", "{95DE79B0-384F-4359-891F-8916AE69CCA4}"
EndProject
Global
	GlobalSection(SolutionConfigurationPlatforms) = preSolution
		Debug|Any CPU = Debug|Any CPU
		Release|Any CPU = Release|Any CPU
	EndGlobalSection
	GlobalSection(ProjectConfigurationPlatforms) = postSolution
		{95DE79B0-384F-4359-891F-8916AE69CCA4}.Debug|Any CPU.ActiveCfg = Debug|Any CPU
		{95DE79B0-384F-4359-891F-8916AE69CCA4}.Debug|Any CPU.Build.0 = Debug|Any CPU
		{95DE79B0-384F-4359-891F-8916AE69CCA4}.Release|Any CPU.ActiveCfg = Release|Any CPU
		{95DE79B0-384F-4359-891F-8916AE69CCA4}.Release|Any CPU.Build.0 = Release|Any CPU
	EndGlobalSection
	GlobalSection(SolutionProperties) = preSolution
		HideSolutionNode = FALSE
	EndGlobalSection
	GlobalSection(ExtensibilityGlobals) = postSolution
		SolutionGuid = {33B35E1E-709F-4B5B-9060-B0C14FA26889}
	EndGlobalSection
EndGlobal
